
Microsoft Visual Studio Solution File, Format Version 12.00
# Visual Studio Version 17
VisualStudioVersion = 17.3.32901.215
MinimumVisualStudioVersion = 10.0.40219.1
Project("{FAE04EC0-301F-11D3-BF4B-00C04F79EFBC}") = "fordöngüsü", "fordöngüsü\fordöngüsü.csproj", "{8AAE294D-FCDD-4B5D-86EB-55E7383A8C31}"
EndProject
Global
	GlobalSection(SolutionConfigurationPlatforms) = preSolution
		Debug|Any CPU = Debug|Any CPU
		Release|Any CPU = Release|Any CPU
	EndGlobalSection
	GlobalSection(ProjectConfigurationPlatforms) = postSolution
		{8AAE294D-FCDD-4B5D-86EB-55E7383A8C31}.Debug|Any CPU.ActiveCfg = Debug|Any CPU
		{8AAE294D-FCDD-4B5D-86EB-55E7383A8C31}.Debug|Any CPU.Build.0 = Debug|Any CPU
		{8AAE294D-FCDD-4B5D-86EB-55E7383A8C31}.Release|Any CPU.ActiveCfg = Release|Any CPU
		{8AAE294D-FCDD-4B5D-86EB-55E7383A8C31}.Release|Any CPU.Build.0 = Release|Any CPU
	EndGlobalSection
	GlobalSection(SolutionProperties) = preSolution
		HideSolutionNode = FALSE
	EndGlobalSection
	GlobalSection(ExtensibilityGlobals) = postSolution
		SolutionGuid = {B68505AE-9A09-43E8-A61B-5199389ED2EA}
	EndGlobalSection
EndGlobal
