
Microsoft Visual Studio Solution File, Format Version 12.00
# Visual Studio Version 17
VisualStudioVersion = 17.3.32901.215
MinimumVisualStudioVersion = 10.0.40219.1
Project("{FAE04EC0-301F-11D3-BF4B-00C04F79EFBC}") = "parcalar", "parcalar\parcalar.csproj", "{14C6006E-D5E7-4D83-866B-E3510084B8E5}"
EndProject
Global
	GlobalSection(SolutionConfigurationPlatforms) = preSolution
		Debug|Any CPU = Debug|Any CPU
		Release|Any CPU = Release|Any CPU
	EndGlobalSection
	GlobalSection(ProjectConfigurationPlatforms) = postSolution
		{14C6006E-D5E7-4D83-866B-E3510084B8E5}.Debug|Any CPU.ActiveCfg = Debug|Any CPU
		{14C6006E-D5E7-4D83-866B-E3510084B8E5}.Debug|Any CPU.Build.0 = Debug|Any CPU
		{14C6006E-D5E7-4D83-866B-E3510084B8E5}.Release|Any CPU.ActiveCfg = Release|Any CPU
		{14C6006E-D5E7-4D83-866B-E3510084B8E5}.Release|Any CPU.Build.0 = Release|Any CPU
	EndGlobalSection
	GlobalSection(SolutionProperties) = preSolution
		HideSolutionNode = FALSE
	EndGlobalSection
	GlobalSection(ExtensibilityGlobals) = postSolution
		SolutionGuid = {BE61580D-216F-4BA9-AA55-DB2B6D434BD0}
	EndGlobalSection
EndGlobal
